
Microsoft Visual Studio Solution File, Format Version 11.00
# Visual Studio 2010
Project("{FAE04EC0-301F-11D3-BF4B-00C04F79EFBC}") = "Oculus.VR", "Oculus.VR.csproj", "{9ba32741-f5d1-8972-132d-87192aebbb5d}"
EndProject
Project("{FAE04EC0-301F-11D3-BF4B-00C04F79EFBC}") = "Assembly-CSharp", "Assembly-CSharp.csproj", "{d62b93bf-c52b-2863-4e97-3869fb2f69af}"
EndProject
Project("{FAE04EC0-301F-11D3-BF4B-00C04F79EFBC}") = "Oculus.VR.Scripts.Editor", "Oculus.VR.Scripts.Editor.csproj", "{340dc06d-6612-e178-08f8-fb3d5458daf3}"
EndProject
Project("{FAE04EC0-301F-11D3-BF4B-00C04F79EFBC}") = "Oculus.VR.Editor", "Oculus.VR.Editor.csproj", "{8c849eab-7e79-a6d1-a3a4-7f2fb4b20769}"
EndProject
Global
	GlobalSection(SolutionConfigurationPlatforms) = preSolution
		Debug|Any CPU = Debug|Any CPU
	EndGlobalSection
	GlobalSection(ProjectConfigurationPlatforms) = postSolution
		{9ba32741-f5d1-8972-132d-87192aebbb5d}.Debug|Any CPU.ActiveCfg = Debug|Any CPU
		{9ba32741-f5d1-8972-132d-87192aebbb5d}.Debug|Any CPU.Build.0 = Debug|Any CPU
		{d62b93bf-c52b-2863-4e97-3869fb2f69af}.Debug|Any CPU.ActiveCfg = Debug|Any CPU
		{d62b93bf-c52b-2863-4e97-3869fb2f69af}.Debug|Any CPU.Build.0 = Debug|Any CPU
		{340dc06d-6612-e178-08f8-fb3d5458daf3}.Debug|Any CPU.ActiveCfg = Debug|Any CPU
		{340dc06d-6612-e178-08f8-fb3d5458daf3}.Debug|Any CPU.Build.0 = Debug|Any CPU
		{8c849eab-7e79-a6d1-a3a4-7f2fb4b20769}.Debug|Any CPU.ActiveCfg = Debug|Any CPU
		{8c849eab-7e79-a6d1-a3a4-7f2fb4b20769}.Debug|Any CPU.Build.0 = Debug|Any CPU
	EndGlobalSection
	GlobalSection(SolutionProperties) = preSolution
		HideSolutionNode = FALSE
	EndGlobalSection
EndGlobal
